// !$*UTF8*$!
{
	archiveVersion = 1;
	classes = {
	};
	objectVersion = 50;
	objects = {

/* Begin PBXBuildFile section */
		31FC06892332697A000FEAB9 /* AppDelegate.swift in Sources */ = {isa = PBXBuildFile; fileRef = 31FC06882332697A000FEAB9 /* AppDelegate.swift */; };
		31FC068B2332697A000FEAB9 /* ViewController.swift in Sources */ = {isa = PBXBuildFile; fileRef = 31FC068A2332697A000FEAB9 /* ViewController.swift */; };
		31FC068E2332697A000FEAB9 /* Main.storyboard in Resources */ = {isa = PBXBuildFile; fileRef = 31FC068C2332697A000FEAB9 /* Main.storyboard */; };
		31FC06902332697B000FEAB9 /* Assets.xcassets in Resources */ = {isa = PBXBuildFile; fileRef = 31FC068F2332697B000FEAB9 /* Assets.xcassets */; };
		31FC06932332697B000FEAB9 /* LaunchScreen.storyboard in Resources */ = {isa = PBXBuildFile; fileRef = 31FC06912332697B000FEAB9 /* LaunchScreen.storyboard */; };
		31FC069D23326990000FEAB9 /* HealthKit.framework in Frameworks */ = {isa = PBXBuildFile; fileRef = 31FC069C23326990000FEAB9 /* HealthKit.framework */; };
		31FC069F23334D5A000FEAB9 /* BreathingViewController.swift in Sources */ = {isa = PBXBuildFile; fileRef = 31FC069E23334D5A000FEAB9 /* BreathingViewController.swift */; };
		31FC06A623338C9D000FEAB9 /* Interface.storyboard in Resources */ = {isa = PBXBuildFile; fileRef = 31FC06A423338C9D000FEAB9 /* Interface.storyboard */; };
		31FC06A823338C9E000FEAB9 /* Assets.xcassets in Resources */ = {isa = PBXBuildFile; fileRef = 31FC06A723338C9E000FEAB9 /* Assets.xcassets */; };
		31FC06AF23338C9E000FEAB9 /* presentationSkillWatchKitApp Extension.appex in Embed App Extensions */ = {isa = PBXBuildFile; fileRef = 31FC06AE23338C9E000FEAB9 /* presentationSkillWatchKitApp Extension.appex */; settings = {ATTRIBUTES = (RemoveHeadersOnCopy, ); }; };
		31FC06B423338C9E000FEAB9 /* InterfaceController.swift in Sources */ = {isa = PBXBuildFile; fileRef = 31FC06B323338C9E000FEAB9 /* InterfaceController.swift */; };
		31FC06B623338C9E000FEAB9 /* ExtensionDelegate.swift in Sources */ = {isa = PBXBuildFile; fileRef = 31FC06B523338C9E000FEAB9 /* ExtensionDelegate.swift */; };
		31FC06B823338C9E000FEAB9 /* NotificationController.swift in Sources */ = {isa = PBXBuildFile; fileRef = 31FC06B723338C9E000FEAB9 /* NotificationController.swift */; };
		31FC06BA23338C9F000FEAB9 /* Assets.xcassets in Resources */ = {isa = PBXBuildFile; fileRef = 31FC06B923338C9F000FEAB9 /* Assets.xcassets */; };
		31FC06BF23338C9F000FEAB9 /* presentationSkillWatchKitApp.app in Embed Watch Content */ = {isa = PBXBuildFile; fileRef = 31FC06A223338C9D000FEAB9 /* presentationSkillWatchKitApp.app */; };
		31FC06CB2333C710000FEAB9 /* HealthKit.framework in Frameworks */ = {isa = PBXBuildFile; fileRef = 31FC06CA2333C710000FEAB9 /* HealthKit.framework */; };
/* End PBXBuildFile section */

/* Begin PBXContainerItemProxy section */
		31FC06B023338C9E000FEAB9 /* PBXContainerItemProxy */ = {
			isa = PBXContainerItemProxy;
			containerPortal = 31FC067D2332697A000FEAB9 /* Project object */;
			proxyType = 1;
			remoteGlobalIDString = 31FC06AD23338C9E000FEAB9;
			remoteInfo = "presentationSkillWatchKitApp Extension";
		};
		31FC06BD23338C9F000FEAB9 /* PBXContainerItemProxy */ = {
			isa = PBXContainerItemProxy;
			containerPortal = 31FC067D2332697A000FEAB9 /* Project object */;
			proxyType = 1;
			remoteGlobalIDString = 31FC06A123338C9D000FEAB9;
			remoteInfo = presentationSkillWatchKitApp;
		};
/* End PBXContainerItemProxy section */

/* Begin PBXCopyFilesBuildPhase section */
		31FC06C323338C9F000FEAB9 /* Embed App Extensions */ = {
			isa = PBXCopyFilesBuildPhase;
			buildActionMask = 2147483647;
			dstPath = "";
			dstSubfolderSpec = 13;
			files = (
				31FC06AF23338C9E000FEAB9 /* presentationSkillWatchKitApp Extension.appex in Embed App Extensions */,
			);
			name = "Embed App Extensions";
			runOnlyForDeploymentPostprocessing = 0;
		};
		31FC06C723338C9F000FEAB9 /* Embed Watch Content */ = {
			isa = PBXCopyFilesBuildPhase;
			buildActionMask = 2147483647;
			dstPath = "$(CONTENTS_FOLDER_PATH)/Watch";
			dstSubfolderSpec = 16;
			files = (
				31FC06BF23338C9F000FEAB9 /* presentationSkillWatchKitApp.app in Embed Watch Content */,
			);
			name = "Embed Watch Content";
			runOnlyForDeploymentPostprocessing = 0;
		};
/* End PBXCopyFilesBuildPhase section */

/* Begin PBXFileReference section */
		31FC06852332697A000FEAB9 /* presentationSkill.app */ = {isa = PBXFileReference; explicitFileType = wrapper.application; includeInIndex = 0; path = presentationSkill.app; sourceTree = BUILT_PRODUCTS_DIR; };
		31FC06882332697A000FEAB9 /* AppDelegate.swift */ = {isa = PBXFileReference; lastKnownFileType = sourcecode.swift; path = AppDelegate.swift; sourceTree = "<group>"; };
		31FC068A2332697A000FEAB9 /* ViewController.swift */ = {isa = PBXFileReference; lastKnownFileType = sourcecode.swift; path = ViewController.swift; sourceTree = "<group>"; };
		31FC068D2332697A000FEAB9 /* Base */ = {isa = PBXFileReference; lastKnownFileType = file.storyboard; name = Base; path = Base.lproj/Main.storyboard; sourceTree = "<group>"; };
		31FC068F2332697B000FEAB9 /* Assets.xcassets */ = {isa = PBXFileReference; lastKnownFileType = folder.assetcatalog; path = Assets.xcassets; sourceTree = "<group>"; };
		31FC06922332697B000FEAB9 /* Base */ = {isa = PBXFileReference; lastKnownFileType = file.storyboard; name = Base; path = Base.lproj/LaunchScreen.storyboard; sourceTree = "<group>"; };
		31FC06942332697B000FEAB9 /* Info.plist */ = {isa = PBXFileReference; lastKnownFileType = text.plist.xml; path = Info.plist; sourceTree = "<group>"; };
		31FC069A23326990000FEAB9 /* presentationSkill.entitlements */ = {isa = PBXFileReference; lastKnownFileType = text.plist.entitlements; path = presentationSkill.entitlements; sourceTree = "<group>"; };
		31FC069C23326990000FEAB9 /* HealthKit.framework */ = {isa = PBXFileReference; lastKnownFileType = wrapper.framework; name = HealthKit.framework; path = System/Library/Frameworks/HealthKit.framework; sourceTree = SDKROOT; };
		31FC069E23334D5A000FEAB9 /* BreathingViewController.swift */ = {isa = PBXFileReference; lastKnownFileType = sourcecode.swift; path = BreathingViewController.swift; sourceTree = "<group>"; };
		31FC06A223338C9D000FEAB9 /* presentationSkillWatchKitApp.app */ = {isa = PBXFileReference; explicitFileType = wrapper.application; includeInIndex = 0; path = presentationSkillWatchKitApp.app; sourceTree = BUILT_PRODUCTS_DIR; };
		31FC06A523338C9D000FEAB9 /* Base */ = {isa = PBXFileReference; lastKnownFileType = file.storyboard; name = Base; path = Base.lproj/Interface.storyboard; sourceTree = "<group>"; };
		31FC06A723338C9E000FEAB9 /* Assets.xcassets */ = {isa = PBXFileReference; lastKnownFileType = folder.assetcatalog; path = Assets.xcassets; sourceTree = "<group>"; };
		31FC06A923338C9E000FEAB9 /* Info.plist */ = {isa = PBXFileReference; lastKnownFileType = text.plist.xml; path = Info.plist; sourceTree = "<group>"; };
		31FC06AE23338C9E000FEAB9 /* presentationSkillWatchKitApp Extension.appex */ = {isa = PBXFileReference; explicitFileType = "wrapper.app-extension"; includeInIndex = 0; path = "presentationSkillWatchKitApp Extension.appex"; sourceTree = BUILT_PRODUCTS_DIR; };
		31FC06B323338C9E000FEAB9 /* InterfaceController.swift */ = {isa = PBXFileReference; lastKnownFileType = sourcecode.swift; path = InterfaceController.swift; sourceTree = "<group>"; };
		31FC06B523338C9E000FEAB9 /* ExtensionDelegate.swift */ = {isa = PBXFileReference; lastKnownFileType = sourcecode.swift; path = ExtensionDelegate.swift; sourceTree = "<group>"; };
		31FC06B723338C9E000FEAB9 /* NotificationController.swift */ = {isa = PBXFileReference; lastKnownFileType = sourcecode.swift; path = NotificationController.swift; sourceTree = "<group>"; };
		31FC06B923338C9F000FEAB9 /* Assets.xcassets */ = {isa = PBXFileReference; lastKnownFileType = folder.assetcatalog; path = Assets.xcassets; sourceTree = "<group>"; };
		31FC06BB23338C9F000FEAB9 /* Info.plist */ = {isa = PBXFileReference; lastKnownFileType = text.plist.xml; path = Info.plist; sourceTree = "<group>"; };
		31FC06BC23338C9F000FEAB9 /* PushNotificationPayload.apns */ = {isa = PBXFileReference; lastKnownFileType = text; path = PushNotificationPayload.apns; sourceTree = "<group>"; };
		31FC06C82333C6FE000FEAB9 /* presentationSkillWatchKitApp.entitlements */ = {isa = PBXFileReference; lastKnownFileType = text.plist.entitlements; path = presentationSkillWatchKitApp.entitlements; sourceTree = "<group>"; };
		31FC06C92333C705000FEAB9 /* presentationSkillWatchKitApp Extension.entitlements */ = {isa = PBXFileReference; lastKnownFileType = text.plist.entitlements; path = "presentationSkillWatchKitApp Extension.entitlements"; sourceTree = "<group>"; };
		31FC06CA2333C710000FEAB9 /* HealthKit.framework */ = {isa = PBXFileReference; lastKnownFileType = wrapper.framework; name = HealthKit.framework; path = Platforms/WatchOS.platform/Developer/SDKs/WatchOS5.3.sdk/System/Library/Frameworks/HealthKit.framework; sourceTree = DEVELOPER_DIR; };
/* End PBXFileReference section */

/* Begin PBXFrameworksBuildPhase section */
		31FC06822332697A000FEAB9 /* Frameworks */ = {
			isa = PBXFrameworksBuildPhase;
			buildActionMask = 2147483647;
			files = (
				31FC069D23326990000FEAB9 /* HealthKit.framework in Frameworks */,
			);
			runOnlyForDeploymentPostprocessing = 0;
		};
		31FC06AB23338C9E000FEAB9 /* Frameworks */ = {
			isa = PBXFrameworksBuildPhase;
			buildActionMask = 2147483647;
			files = (
				31FC06CB2333C710000FEAB9 /* HealthKit.framework in Frameworks */,
			);
			runOnlyForDeploymentPostprocessing = 0;
		};
/* End PBXFrameworksBuildPhase section */

/* Begin PBXGroup section */
		31FC067C2332697A000FEAB9 = {
			isa = PBXGroup;
			children = (
				31FC06872332697A000FEAB9 /* presentationSkill */,
				31FC06A323338C9D000FEAB9 /* presentationSkillWatchKitApp */,
				31FC06B223338C9E000FEAB9 /* presentationSkillWatchKitApp Extension */,
				31FC06862332697A000FEAB9 /* Products */,
				31FC069B23326990000FEAB9 /* Frameworks */,
			);
			sourceTree = "<group>";
		};
		31FC06862332697A000FEAB9 /* Products */ = {
			isa = PBXGroup;
			children = (
				31FC06852332697A000FEAB9 /* presentationSkill.app */,
				31FC06A223338C9D000FEAB9 /* presentationSkillWatchKitApp.app */,
				31FC06AE23338C9E000FEAB9 /* presentationSkillWatchKitApp Extension.appex */,
			);
			name = Products;
			sourceTree = "<group>";
		};
		31FC06872332697A000FEAB9 /* presentationSkill */ = {
			isa = PBXGroup;
			children = (
				31FC069A23326990000FEAB9 /* presentationSkill.entitlements */,
				31FC06882332697A000FEAB9 /* AppDelegate.swift */,
				31FC068A2332697A000FEAB9 /* ViewController.swift */,
				31FC068C2332697A000FEAB9 /* Main.storyboard */,
				31FC069E23334D5A000FEAB9 /* BreathingViewController.swift */,
				31FC068F2332697B000FEAB9 /* Assets.xcassets */,
				31FC06912332697B000FEAB9 /* LaunchScreen.storyboard */,
				31FC06942332697B000FEAB9 /* Info.plist */,
			);
			path = presentationSkill;
			sourceTree = "<group>";
		};
		31FC069B23326990000FEAB9 /* Frameworks */ = {
			isa = PBXGroup;
			children = (
				31FC06CA2333C710000FEAB9 /* HealthKit.framework */,
				31FC069C23326990000FEAB9 /* HealthKit.framework */,
			);
			name = Frameworks;
			sourceTree = "<group>";
		};
		31FC06A323338C9D000FEAB9 /* presentationSkillWatchKitApp */ = {
			isa = PBXGroup;
			children = (
				31FC06C82333C6FE000FEAB9 /* presentationSkillWatchKitApp.entitlements */,
				31FC06A423338C9D000FEAB9 /* Interface.storyboard */,
				31FC06A723338C9E000FEAB9 /* Assets.xcassets */,
				31FC06A923338C9E000FEAB9 /* Info.plist */,
			);
			path = presentationSkillWatchKitApp;
			sourceTree = "<group>";
		};
		31FC06B223338C9E000FEAB9 /* presentationSkillWatchKitApp Extension */ = {
			isa = PBXGroup;
			children = (
				31FC06C92333C705000FEAB9 /* presentationSkillWatchKitApp Extension.entitlements */,
				31FC06B323338C9E000FEAB9 /* InterfaceController.swift */,
				31FC06B523338C9E000FEAB9 /* ExtensionDelegate.swift */,
				31FC06B723338C9E000FEAB9 /* NotificationController.swift */,
				31FC06B923338C9F000FEAB9 /* Assets.xcassets */,
				31FC06BB23338C9F000FEAB9 /* Info.plist */,
				31FC06BC23338C9F000FEAB9 /* PushNotificationPayload.apns */,
			);
			path = "presentationSkillWatchKitApp Extension";
			sourceTree = "<group>";
		};
/* End PBXGroup section */

/* Begin PBXNativeTarget section */
		31FC06842332697A000FEAB9 /* presentationSkill */ = {
			isa = PBXNativeTarget;
			buildConfigurationList = 31FC06972332697B000FEAB9 /* Build configuration list for PBXNativeTarget "presentationSkill" */;
			buildPhases = (
				31FC06812332697A000FEAB9 /* Sources */,
				31FC06822332697A000FEAB9 /* Frameworks */,
				31FC06832332697A000FEAB9 /* Resources */,
				31FC06C723338C9F000FEAB9 /* Embed Watch Content */,
			);
			buildRules = (
			);
			dependencies = (
				31FC06BE23338C9F000FEAB9 /* PBXTargetDependency */,
			);
			name = presentationSkill;
			productName = presentationSkill;
			productReference = 31FC06852332697A000FEAB9 /* presentationSkill.app */;
			productType = "com.apple.product-type.application";
		};
		31FC06A123338C9D000FEAB9 /* presentationSkillWatchKitApp */ = {
			isa = PBXNativeTarget;
			buildConfigurationList = 31FC06C423338C9F000FEAB9 /* Build configuration list for PBXNativeTarget "presentationSkillWatchKitApp" */;
			buildPhases = (
				31FC06A023338C9D000FEAB9 /* Resources */,
				31FC06C323338C9F000FEAB9 /* Embed App Extensions */,
			);
			buildRules = (
			);
			dependencies = (
				31FC06B123338C9E000FEAB9 /* PBXTargetDependency */,
			);
			name = presentationSkillWatchKitApp;
			productName = presentationSkillWatchKitApp;
			productReference = 31FC06A223338C9D000FEAB9 /* presentationSkillWatchKitApp.app */;
			productType = "com.apple.product-type.application.watchapp2";
		};
		31FC06AD23338C9E000FEAB9 /* presentationSkillWatchKitApp Extension */ = {
			isa = PBXNativeTarget;
			buildConfigurationList = 31FC06C023338C9F000FEAB9 /* Build configuration list for PBXNativeTarget "presentationSkillWatchKitApp Extension" */;
			buildPhases = (
				31FC06AA23338C9E000FEAB9 /* Sources */,
				31FC06AB23338C9E000FEAB9 /* Frameworks */,
				31FC06AC23338C9E000FEAB9 /* Resources */,
			);
			buildRules = (
			);
			dependencies = (
			);
			name = "presentationSkillWatchKitApp Extension";
			productName = "presentationSkillWatchKitApp Extension";
			productReference = 31FC06AE23338C9E000FEAB9 /* presentationSkillWatchKitApp Extension.appex */;
			productType = "com.apple.product-type.watchkit2-extension";
		};
/* End PBXNativeTarget section */

/* Begin PBXProject section */
		31FC067D2332697A000FEAB9 /* Project object */ = {
			isa = PBXProject;
			attributes = {
				LastSwiftUpdateCheck = 1030;
				LastUpgradeCheck = 1030;
				ORGANIZATIONNAME = "Apple Academy";
				TargetAttributes = {
					31FC06842332697A000FEAB9 = {
						CreatedOnToolsVersion = 10.3;
						SystemCapabilities = {
							com.apple.ApplicationGroups.iOS = {
								enabled = 1;
							};
							com.apple.HealthKit = {
								enabled = 1;
							};
						};
					};
					31FC06A123338C9D000FEAB9 = {
						CreatedOnToolsVersion = 10.3;
						SystemCapabilities = {
							com.apple.ApplicationGroups.iOS = {
								enabled = 1;
							};
						};
					};
					31FC06AD23338C9E000FEAB9 = {
						CreatedOnToolsVersion = 10.3;
						SystemCapabilities = {
							com.apple.ApplicationGroups.iOS = {
								enabled = 1;
							};
							com.apple.HealthKit.watchos = {
								enabled = 1;
							};
						};
					};
				};
			};
			buildConfigurationList = 31FC06802332697A000FEAB9 /* Build configuration list for PBXProject "presentationSkill" */;
			compatibilityVersion = "Xcode 9.3";
			developmentRegion = en;
			hasScannedForEncodings = 0;
			knownRegions = (
				en,
				Base,
			);
			mainGroup = 31FC067C2332697A000FEAB9;
			productRefGroup = 31FC06862332697A000FEAB9 /* Products */;
			projectDirPath = "";
			projectRoot = "";
			targets = (
				31FC06842332697A000FEAB9 /* presentationSkill */,
				31FC06A123338C9D000FEAB9 /* presentationSkillWatchKitApp */,
				31FC06AD23338C9E000FEAB9 /* presentationSkillWatchKitApp Extension */,
			);
		};
/* End PBXProject section */

/* Begin PBXResourcesBuildPhase section */
		31FC06832332697A000FEAB9 /* Resources */ = {
			isa = PBXResourcesBuildPhase;
			buildActionMask = 2147483647;
			files = (
				31FC06932332697B000FEAB9 /* LaunchScreen.storyboard in Resources */,
				31FC06902332697B000FEAB9 /* Assets.xcassets in Resources */,
				31FC068E2332697A000FEAB9 /* Main.storyboard in Resources */,
			);
			runOnlyForDeploymentPostprocessing = 0;
		};
		31FC06A023338C9D000FEAB9 /* Resources */ = {
			isa = PBXResourcesBuildPhase;
			buildActionMask = 2147483647;
			files = (
				31FC06A823338C9E000FEAB9 /* Assets.xcassets in Resources */,
				31FC06A623338C9D000FEAB9 /* Interface.storyboard in Resources */,
			);
			runOnlyForDeploymentPostprocessing = 0;
		};
		31FC06AC23338C9E000FEAB9 /* Resources */ = {
			isa = PBXResourcesBuildPhase;
			buildActionMask = 2147483647;
			files = (
				31FC06BA23338C9F000FEAB9 /* Assets.xcassets in Resources */,
			);
			runOnlyForDeploymentPostprocessing = 0;
		};
/* End PBXResourcesBuildPhase section */

/* Begin PBXSourcesBuildPhase section */
		31FC06812332697A000FEAB9 /* Sources */ = {
			isa = PBXSourcesBuildPhase;
			buildActionMask = 2147483647;
			files = (
				31FC068B2332697A000FEAB9 /* ViewController.swift in Sources */,
				31FC069F23334D5A000FEAB9 /* BreathingViewController.swift in Sources */,
				31FC06892332697A000FEAB9 /* AppDelegate.swift in Sources */,
			);
			runOnlyForDeploymentPostprocessing = 0;
		};
		31FC06AA23338C9E000FEAB9 /* Sources */ = {
			isa = PBXSourcesBuildPhase;
			buildActionMask = 2147483647;
			files = (
				31FC06B823338C9E000FEAB9 /* NotificationController.swift in Sources */,
				31FC06B623338C9E000FEAB9 /* ExtensionDelegate.swift in Sources */,
				31FC06B423338C9E000FEAB9 /* InterfaceController.swift in Sources */,
			);
			runOnlyForDeploymentPostprocessing = 0;
		};
/* End PBXSourcesBuildPhase section */

/* Begin PBXTargetDependency section */
		31FC06B123338C9E000FEAB9 /* PBXTargetDependency */ = {
			isa = PBXTargetDependency;
			target = 31FC06AD23338C9E000FEAB9 /* presentationSkillWatchKitApp Extension */;
			targetProxy = 31FC06B023338C9E000FEAB9 /* PBXContainerItemProxy */;
		};
		31FC06BE23338C9F000FEAB9 /* PBXTargetDependency */ = {
			isa = PBXTargetDependency;
			target = 31FC06A123338C9D000FEAB9 /* presentationSkillWatchKitApp */;
			targetProxy = 31FC06BD23338C9F000FEAB9 /* PBXContainerItemProxy */;
		};
/* End PBXTargetDependency section */

/* Begin PBXVariantGroup section */
		31FC068C2332697A000FEAB9 /* Main.storyboard */ = {
			isa = PBXVariantGroup;
			children = (
				31FC068D2332697A000FEAB9 /* Base */,
			);
			name = Main.storyboard;
			sourceTree = "<group>";
		};
		31FC06912332697B000FEAB9 /* LaunchScreen.storyboard */ = {
			isa = PBXVariantGroup;
			children = (
				31FC06922332697B000FEAB9 /* Base */,
			);
			name = LaunchScreen.storyboard;
			sourceTree = "<group>";
		};
		31FC06A423338C9D000FEAB9 /* Interface.storyboard */ = {
			isa = PBXVariantGroup;
			children = (
				31FC06A523338C9D000FEAB9 /* Base */,
			);
			name = Interface.storyboard;
			sourceTree = "<group>";
		};
/* End PBXVariantGroup section */

/* Begin XCBuildConfiguration section */
		31FC06952332697B000FEAB9 /* Debug */ = {
			isa = XCBuildConfiguration;
			buildSettings = {
				ALWAYS_SEARCH_USER_PATHS = NO;
				CLANG_ANALYZER_NONNULL = YES;
				CLANG_ANALYZER_NUMBER_OBJECT_CONVERSION = YES_AGGRESSIVE;
				CLANG_CXX_LANGUAGE_STANDARD = "gnu++14";
				CLANG_CXX_LIBRARY = "libc++";
				CLANG_ENABLE_MODULES = YES;
				CLANG_ENABLE_OBJC_ARC = YES;
				CLANG_ENABLE_OBJC_WEAK = YES;
				CLANG_WARN_BLOCK_CAPTURE_AUTORELEASING = YES;
				CLANG_WARN_BOOL_CONVERSION = YES;
				CLANG_WARN_COMMA = YES;
				CLANG_WARN_CONSTANT_CONVERSION = YES;
				CLANG_WARN_DEPRECATED_OBJC_IMPLEMENTATIONS = YES;
				CLANG_WARN_DIRECT_OBJC_ISA_USAGE = YES_ERROR;
				CLANG_WARN_DOCUMENTATION_COMMENTS = YES;
				CLANG_WARN_EMPTY_BODY = YES;
				CLANG_WARN_ENUM_CONVERSION = YES;
				CLANG_WARN_INFINITE_RECURSION = YES;
				CLANG_WARN_INT_CONVERSION = YES;
				CLANG_WARN_NON_LITERAL_NULL_CONVERSION = YES;
				CLANG_WARN_OBJC_IMPLICIT_RETAIN_SELF = YES;
				CLANG_WARN_OBJC_LITERAL_CONVERSION = YES;
				CLANG_WARN_OBJC_ROOT_CLASS = YES_ERROR;
				CLANG_WARN_RANGE_LOOP_ANALYSIS = YES;
				CLANG_WARN_STRICT_PROTOTYPES = YES;
				CLANG_WARN_SUSPICIOUS_MOVE = YES;
				CLANG_WARN_UNGUARDED_AVAILABILITY = YES_AGGRESSIVE;
				CLANG_WARN_UNREACHABLE_CODE = YES;
				CLANG_WARN__DUPLICATE_METHOD_MATCH = YES;
				CODE_SIGN_IDENTITY = "iPhone Developer";
				COPY_PHASE_STRIP = NO;
				DEBUG_INFORMATION_FORMAT = dwarf;
				ENABLE_STRICT_OBJC_MSGSEND = YES;
				ENABLE_TESTABILITY = YES;
				GCC_C_LANGUAGE_STANDARD = gnu11;
				GCC_DYNAMIC_NO_PIC = NO;
				GCC_NO_COMMON_BLOCKS = YES;
				GCC_OPTIMIZATION_LEVEL = 0;
				GCC_PREPROCESSOR_DEFINITIONS = (
					"DEBUG=1",
					"$(inherited)",
				);
				GCC_WARN_64_TO_32_BIT_CONVERSION = YES;
				GCC_WARN_ABOUT_RETURN_TYPE = YES_ERROR;
				GCC_WARN_UNDECLARED_SELECTOR = YES;
				GCC_WARN_UNINITIALIZED_AUTOS = YES_AGGRESSIVE;
				GCC_WARN_UNUSED_FUNCTION = YES;
				GCC_WARN_UNUSED_VARIABLE = YES;
				IPHONEOS_DEPLOYMENT_TARGET = 12.4;
				MTL_ENABLE_DEBUG_INFO = INCLUDE_SOURCE;
				MTL_FAST_MATH = YES;
				ONLY_ACTIVE_ARCH = YES;
				SDKROOT = iphoneos;
				SWIFT_ACTIVE_COMPILATION_CONDITIONS = DEBUG;
				SWIFT_OPTIMIZATION_LEVEL = "-Onone";
			};
			name = Debug;
		};
		31FC06962332697B000FEAB9 /* Release */ = {
			isa = XCBuildConfiguration;
			buildSettings = {
				ALWAYS_SEARCH_USER_PATHS = NO;
				CLANG_ANALYZER_NONNULL = YES;
				CLANG_ANALYZER_NUMBER_OBJECT_CONVERSION = YES_AGGRESSIVE;
				CLANG_CXX_LANGUAGE_STANDARD = "gnu++14";
				CLANG_CXX_LIBRARY = "libc++";
				CLANG_ENABLE_MODULES = YES;
				CLANG_ENABLE_OBJC_ARC = YES;
				CLANG_ENABLE_OBJC_WEAK = YES;
				CLANG_WARN_BLOCK_CAPTURE_AUTORELEASING = YES;
				CLANG_WARN_BOOL_CONVERSION = YES;
				CLANG_WARN_COMMA = YES;
				CLANG_WARN_CONSTANT_CONVERSION = YES;
				CLANG_WARN_DEPRECATED_OBJC_IMPLEMENTATIONS = YES;
				CLANG_WARN_DIRECT_OBJC_ISA_USAGE = YES_ERROR;
				CLANG_WARN_DOCUMENTATION_COMMENTS = YES;
				CLANG_WARN_EMPTY_BODY = YES;
				CLANG_WARN_ENUM_CONVERSION = YES;
				CLANG_WARN_INFINITE_RECURSION = YES;
				CLANG_WARN_INT_CONVERSION = YES;
				CLANG_WARN_NON_LITERAL_NULL_CONVERSION = YES;
				CLANG_WARN_OBJC_IMPLICIT_RETAIN_SELF = YES;
				CLANG_WARN_OBJC_LITERAL_CONVERSION = YES;
				CLANG_WARN_OBJC_ROOT_CLASS = YES_ERROR;
				CLANG_WARN_RANGE_LOOP_ANALYSIS = YES;
				CLANG_WARN_STRICT_PROTOTYPES = YES;
				CLANG_WARN_SUSPICIOUS_MOVE = YES;
				CLANG_WARN_UNGUARDED_AVAILABILITY = YES_AGGRESSIVE;
				CLANG_WARN_UNREACHABLE_CODE = YES;
				CLANG_WARN__DUPLICATE_METHOD_MATCH = YES;
				CODE_SIGN_IDENTITY = "iPhone Developer";
				COPY_PHASE_STRIP = NO;
				DEBUG_INFORMATION_FORMAT = "dwarf-with-dsym";
				ENABLE_NS_ASSERTIONS = NO;
				ENABLE_STRICT_OBJC_MSGSEND = YES;
				GCC_C_LANGUAGE_STANDARD = gnu11;
				GCC_NO_COMMON_BLOCKS = YES;
				GCC_WARN_64_TO_32_BIT_CONVERSION = YES;
				GCC_WARN_ABOUT_RETURN_TYPE = YES_ERROR;
				GCC_WARN_UNDECLARED_SELECTOR = YES;
				GCC_WARN_UNINITIALIZED_AUTOS = YES_AGGRESSIVE;
				GCC_WARN_UNUSED_FUNCTION = YES;
				GCC_WARN_UNUSED_VARIABLE = YES;
				IPHONEOS_DEPLOYMENT_TARGET = 12.4;
				MTL_ENABLE_DEBUG_INFO = NO;
				MTL_FAST_MATH = YES;
				SDKROOT = iphoneos;
				SWIFT_COMPILATION_MODE = wholemodule;
				SWIFT_OPTIMIZATION_LEVEL = "-O";
				VALIDATE_PRODUCT = YES;
			};
			name = Release;
		};
		31FC06982332697B000FEAB9 /* Debug */ = {
			isa = XCBuildConfiguration;
			buildSettings = {
				ASSETCATALOG_COMPILER_APPICON_NAME = AppIcon;
				CODE_SIGN_ENTITLEMENTS = presentationSkill/presentationSkill.entitlements;
				CODE_SIGN_STYLE = Automatic;
				DEVELOPMENT_TEAM = 4JFNH9SG77;
				INFOPLIST_FILE = presentationSkill/Info.plist;
				LD_RUNPATH_SEARCH_PATHS = (
					"$(inherited)",
					"@executable_path/Frameworks",
				);
				PRODUCT_BUNDLE_IDENTIFIER = com.appleAcademy.presentationSkill;
				PRODUCT_NAME = "$(TARGET_NAME)";
				SWIFT_VERSION = 5.0;
				TARGETED_DEVICE_FAMILY = "1,2";
			};
			name = Debug;
		};
		31FC06992332697B000FEAB9 /* Release */ = {
			isa = XCBuildConfiguration;
			buildSettings = {
				ASSETCATALOG_COMPILER_APPICON_NAME = AppIcon;
				CODE_SIGN_ENTITLEMENTS = presentationSkill/presentationSkill.entitlements;
				CODE_SIGN_STYLE = Automatic;
				DEVELOPMENT_TEAM = 4JFNH9SG77;
				INFOPLIST_FILE = presentationSkill/Info.plist;
				LD_RUNPATH_SEARCH_PATHS = (
					"$(inherited)",
					"@executable_path/Frameworks",
				);
				PRODUCT_BUNDLE_IDENTIFIER = com.appleAcademy.presentationSkill;
				PRODUCT_NAME = "$(TARGET_NAME)";
				SWIFT_VERSION = 5.0;
				TARGETED_DEVICE_FAMILY = "1,2";
			};
			name = Release;
		};
		31FC06C123338C9F000FEAB9 /* Debug */ = {
			isa = XCBuildConfiguration;
			buildSettings = {
				ASSETCATALOG_COMPILER_COMPLICATION_NAME = Complication;
				CODE_SIGN_ENTITLEMENTS = "presentationSkillWatchKitApp Extension/presentationSkillWatchKitApp Extension.entitlements";
				CODE_SIGN_STYLE = Automatic;
				DEVELOPMENT_TEAM = 4JFNH9SG77;
				INFOPLIST_FILE = "presentationSkillWatchKitApp Extension/Info.plist";
				LD_RUNPATH_SEARCH_PATHS = (
					"$(inherited)",
					"@executable_path/Frameworks",
					"@executable_path/../../Frameworks",
				);
				PRODUCT_BUNDLE_IDENTIFIER = com.appleAcademy.presentationSkill.watchkitapp.watchkitextension;
				PRODUCT_NAME = "${TARGET_NAME}";
				SDKROOT = watchos;
				SKIP_INSTALL = YES;
				SWIFT_VERSION = 5.0;
				TARGETED_DEVICE_FAMILY = 4;
				WATCHOS_DEPLOYMENT_TARGET = 5.3;
			};
			name = Debug;
		};
		31FC06C223338C9F000FEAB9 /* Release */ = {
			isa = XCBuildConfiguration;
			buildSettings = {
				ASSETCATALOG_COMPILER_COMPLICATION_NAME = Complication;
				CODE_SIGN_ENTITLEMENTS = "presentationSkillWatchKitApp Extension/presentationSkillWatchKitApp Extension.entitlements";
				CODE_SIGN_STYLE = Automatic;
				DEVELOPMENT_TEAM = 4JFNH9SG77;
				INFOPLIST_FILE = "presentationSkillWatchKitApp Extension/Info.plist";
				LD_RUNPATH_SEARCH_PATHS = (
					"$(inherited)",
					"@executable_path/Frameworks",
					"@executable_path/../../Frameworks",
				);
				PRODUCT_BUNDLE_IDENTIFIER = com.appleAcademy.presentationSkill.watchkitapp.watchkitextension;
				PRODUCT_NAME = "${TARGET_NAME}";
				SDKROOT = watchos;
				SKIP_INSTALL = YES;
				SWIFT_VERSION = 5.0;
				TARGETED_DEVICE_FAMILY = 4;
				WATCHOS_DEPLOYMENT_TARGET = 5.3;
			};
			name = Release;
		};
		31FC06C523338C9F000FEAB9 /* Debug */ = {
			isa = XCBuildConfiguration;
			buildSettings = {
				ALWAYS_EMBED_SWIFT_STANDARD_LIBRARIES = YES;
				ASSETCATALOG_COMPILER_APPICON_NAME = AppIcon;
				CODE_SIGN_ENTITLEMENTS = presentationSkillWatchKitApp/presentationSkillWatchKitApp.entitlements;
				CODE_SIGN_STYLE = Automatic;
				DEVELOPMENT_TEAM = 4JFNH9SG77;
				IBSC_MODULE = presentationSkillWatchKitApp_Extension;
				INFOPLIST_FILE = presentationSkillWatchKitApp/Info.plist;
				PRODUCT_BUNDLE_IDENTIFIER = com.appleAcademy.presentationSkill.watchkitapp;
				PRODUCT_NAME = "$(TARGET_NAME)";
				SDKROOT = watchos;
				SKIP_INSTALL = YES;
				SWIFT_VERSION = 5.0;
				TARGETED_DEVICE_FAMILY = 4;
				WATCHOS_DEPLOYMENT_TARGET = 5.3;
			};
			name = Debug;
		};
		31FC06C623338C9F000FEAB9 /* Release */ = {
			isa = XCBuildConfiguration;
			buildSettings = {
				ALWAYS_EMBED_SWIFT_STANDARD_LIBRARIES = YES;
				ASSETCATALOG_COMPILER_APPICON_NAME = AppIcon;
				CODE_SIGN_ENTITLEMENTS = presentationSkillWatchKitApp/presentationSkillWatchKitApp.entitlements;
				CODE_SIGN_STYLE = Automatic;
				DEVELOPMENT_TEAM = 4JFNH9SG77;
				IBSC_MODULE = presentationSkillWatchKitApp_Extension;
				INFOPLIST_FILE = presentationSkillWatchKitApp/Info.plist;
				PRODUCT_BUNDLE_IDENTIFIER = com.appleAcademy.presentationSkill.watchkitapp;
				PRODUCT_NAME = "$(TARGET_NAME)";
				SDKROOT = watchos;
				SKIP_INSTALL = YES;
				SWIFT_VERSION = 5.0;
				TARGETED_DEVICE_FAMILY = 4;
				WATCHOS_DEPLOYMENT_TARGET = 5.3;
			};
			name = Release;
		};
/* End XCBuildConfiguration section */

/* Begin XCConfigurationList section */
		31FC06802332697A000FEAB9 /* Build configuration list for PBXProject "presentationSkill" */ = {
			isa = XCConfigurationList;
			buildConfigurations = (
				31FC06952332697B000FEAB9 /* Debug */,
				31FC06962332697B000FEAB9 /* Release */,
			);
			defaultConfigurationIsVisible = 0;
			defaultConfigurationName = Release;
		};
		31FC06972332697B000FEAB9 /* Build configuration list for PBXNativeTarget "presentationSkill" */ = {
			isa = XCConfigurationList;
			buildConfigurations = (
				31FC06982332697B000FEAB9 /* Debug */,
				31FC06992332697B000FEAB9 /* Release */,
			);
			defaultConfigurationIsVisible = 0;
			defaultConfigurationName = Release;
		};
		31FC06C023338C9F000FEAB9 /* Build configuration list for PBXNativeTarget "presentationSkillWatchKitApp Extension" */ = {
			isa = XCConfigurationList;
			buildConfigurations = (
				31FC06C123338C9F000FEAB9 /* Debug */,
				31FC06C223338C9F000FEAB9 /* Release */,
			);
			defaultConfigurationIsVisible = 0;
			defaultConfigurationName = Release;
		};
		31FC06C423338C9F000FEAB9 /* Build configuration list for PBXNativeTarget "presentationSkillWatchKitApp" */ = {
			isa = XCConfigurationList;
			buildConfigurations = (
				31FC06C523338C9F000FEAB9 /* Debug */,
				31FC06C623338C9F000FEAB9 /* Release */,
			);
			defaultConfigurationIsVisible = 0;
			defaultConfigurationName = Release;
		};
/* End XCConfigurationList section */
	};
	rootObject = 31FC067D2332697A000FEAB9 /* Project object */;
}
